
Microsoft Visual Studio Solution File, Format Version 12.00
# Visual Studio Version 17
VisualStudioVersion = 17.7.34221.43
MinimumVisualStudioVersion = 10.0.40219.1
Project("{FAE04EC0-301F-11D3-BF4B-00C04F79EFBC}") = "TruckDemo-v1.Functions", "TruckDemo-v1.Functions\TruckDemo-v1.Functions.csproj", "{D050B8B0-F105-438D-BE7D-3A9EE4CF3CED}"
EndProject
Global
	GlobalSection(SolutionConfigurationPlatforms) = preSolution
		Debug|Any CPU = Debug|Any CPU
		Release|Any CPU = Release|Any CPU
	EndGlobalSection
	GlobalSection(ProjectConfigurationPlatforms) = postSolution
		{D050B8B0-F105-438D-BE7D-3A9EE4CF3CED}.Debug|Any CPU.ActiveCfg = Debug|Any CPU
		{D050B8B0-F105-438D-BE7D-3A9EE4CF3CED}.Debug|Any CPU.Build.0 = Debug|Any CPU
		{D050B8B0-F105-438D-BE7D-3A9EE4CF3CED}.Release|Any CPU.ActiveCfg = Release|Any CPU
		{D050B8B0-F105-438D-BE7D-3A9EE4CF3CED}.Release|Any CPU.Build.0 = Release|Any CPU
	EndGlobalSection
	GlobalSection(SolutionProperties) = preSolution
		HideSolutionNode = FALSE
	EndGlobalSection
	GlobalSection(ExtensibilityGlobals) = postSolution
		SolutionGuid = {BBC22BCC-9CAB-4214-B31D-2B99571EA191}
	EndGlobalSection
EndGlobal
